
Microsoft Visual Studio Solution File, Format Version 12.00
# Visual Studio Version 17
VisualStudioVersion = 17.0.31903.59
MinimumVisualStudioVersion = 10.0.40219.1
Project("{9A19103F-16F7-4668-BE54-9A1E7A4F7556}") = "Mikhailov", "Mikhailov\Mikhailov.csproj", "{325E2AA2-DC50-4B29-9A9C-6A3E9C54EB0A}"
EndProject
Project("{FAE04EC0-301F-11D3-BF4B-00C04F79EFBC}") = "MikhailovTest", "MikhailovTest\MikhailovTest.csproj", "{D5ED7826-6F4D-4738-8869-EC97FAFFD95B}"
EndProject
Global
	GlobalSection(SolutionConfigurationPlatforms) = preSolution
		Debug|Any CPU = Debug|Any CPU
		Release|Any CPU = Release|Any CPU
	EndGlobalSection
	GlobalSection(ProjectConfigurationPlatforms) = postSolution
		{325E2AA2-DC50-4B29-9A9C-6A3E9C54EB0A}.Debug|Any CPU.ActiveCfg = Debug|Any CPU
		{325E2AA2-DC50-4B29-9A9C-6A3E9C54EB0A}.Debug|Any CPU.Build.0 = Debug|Any CPU
		{325E2AA2-DC50-4B29-9A9C-6A3E9C54EB0A}.Release|Any CPU.ActiveCfg = Release|Any CPU
		{325E2AA2-DC50-4B29-9A9C-6A3E9C54EB0A}.Release|Any CPU.Build.0 = Release|Any CPU
		{D5ED7826-6F4D-4738-8869-EC97FAFFD95B}.Debug|Any CPU.ActiveCfg = Debug|Any CPU
		{D5ED7826-6F4D-4738-8869-EC97FAFFD95B}.Debug|Any CPU.Build.0 = Debug|Any CPU
		{D5ED7826-6F4D-4738-8869-EC97FAFFD95B}.Release|Any CPU.ActiveCfg = Release|Any CPU
		{D5ED7826-6F4D-4738-8869-EC97FAFFD95B}.Release|Any CPU.Build.0 = Release|Any CPU
	EndGlobalSection
	GlobalSection(SolutionProperties) = preSolution
		HideSolutionNode = FALSE
	EndGlobalSection
	GlobalSection(ExtensibilityGlobals) = postSolution
		SolutionGuid = {06D6598D-5F9F-4EAC-8128-771EC7F43D76}
	EndGlobalSection
EndGlobal
